// !$*UTF8*$!
{
	archiveVersion = 1;
	classes = {
	};
	objectVersion = 55;
	objects = {

/* Begin PBXBuildFile section */
		32067BCA27DB95D900C6AC20 /* StringExtensions.swift in Sources */ = {isa = PBXBuildFile; fileRef = 32067BC927DB95D900C6AC20 /* StringExtensions.swift */; };
		322CFBF127D8D16700F1E6FF /* Nunito-Medium.ttf in Resources */ = {isa = PBXBuildFile; fileRef = 322CFBE127D8D16700F1E6FF /* Nunito-Medium.ttf */; };
		322CFBF227D8D16700F1E6FF /* Nunito-ExtraBoldItalic.ttf in Resources */ = {isa = PBXBuildFile; fileRef = 322CFBE227D8D16700F1E6FF /* Nunito-ExtraBoldItalic.ttf */; };
		322CFBF327D8D16700F1E6FF /* Nunito-ExtraBold.ttf in Resources */ = {isa = PBXBuildFile; fileRef = 322CFBE327D8D16700F1E6FF /* Nunito-ExtraBold.ttf */; };
		322CFBF427D8D16700F1E6FF /* Nunito-ExtraLightItalic.ttf in Resources */ = {isa = PBXBuildFile; fileRef = 322CFBE427D8D16700F1E6FF /* Nunito-ExtraLightItalic.ttf */; };
		322CFBF527D8D16700F1E6FF /* Nunito-Light.ttf in Resources */ = {isa = PBXBuildFile; fileRef = 322CFBE527D8D16700F1E6FF /* Nunito-Light.ttf */; };
		322CFBF627D8D16700F1E6FF /* Nunito-Regular.ttf in Resources */ = {isa = PBXBuildFile; fileRef = 322CFBE627D8D16700F1E6FF /* Nunito-Regular.ttf */; };
		322CFBF727D8D16700F1E6FF /* Nunito-SemiBold.ttf in Resources */ = {isa = PBXBuildFile; fileRef = 322CFBE727D8D16700F1E6FF /* Nunito-SemiBold.ttf */; };
		322CFBF827D8D16700F1E6FF /* Nunito-Bold.ttf in Resources */ = {isa = PBXBuildFile; fileRef = 322CFBE827D8D16700F1E6FF /* Nunito-Bold.ttf */; };
		322CFBF927D8D16700F1E6FF /* Nunito-BoldItalic.ttf in Resources */ = {isa = PBXBuildFile; fileRef = 322CFBE927D8D16700F1E6FF /* Nunito-BoldItalic.ttf */; };
		322CFBFA27D8D16700F1E6FF /* Nunito-Black.ttf in Resources */ = {isa = PBXBuildFile; fileRef = 322CFBEA27D8D16700F1E6FF /* Nunito-Black.ttf */; };
		322CFBFB27D8D16700F1E6FF /* Nunito-ExtraLight.ttf in Resources */ = {isa = PBXBuildFile; fileRef = 322CFBEB27D8D16700F1E6FF /* Nunito-ExtraLight.ttf */; };
		322CFBFC27D8D16700F1E6FF /* Nunito-SemiBoldItalic.ttf in Resources */ = {isa = PBXBuildFile; fileRef = 322CFBEC27D8D16700F1E6FF /* Nunito-SemiBoldItalic.ttf */; };
		322CFBFD27D8D16700F1E6FF /* Nunito-BlackItalic.ttf in Resources */ = {isa = PBXBuildFile; fileRef = 322CFBED27D8D16700F1E6FF /* Nunito-BlackItalic.ttf */; };
		322CFBFE27D8D16700F1E6FF /* Nunito-Italic.ttf in Resources */ = {isa = PBXBuildFile; fileRef = 322CFBEE27D8D16700F1E6FF /* Nunito-Italic.ttf */; };
		322CFBFF27D8D16700F1E6FF /* Nunito-LightItalic.ttf in Resources */ = {isa = PBXBuildFile; fileRef = 322CFBEF27D8D16700F1E6FF /* Nunito-LightItalic.ttf */; };
		322CFC0027D8D16700F1E6FF /* Nunito-MediumItalic.ttf in Resources */ = {isa = PBXBuildFile; fileRef = 322CFBF027D8D16700F1E6FF /* Nunito-MediumItalic.ttf */; };
		322CFC0227D8F25700F1E6FF /* AuthTableViewController.swift in Sources */ = {isa = PBXBuildFile; fileRef = 322CFC0127D8F25700F1E6FF /* AuthTableViewController.swift */; };
		322CFC0427D8F4A300F1E6FF /* RoundedButton.swift in Sources */ = {isa = PBXBuildFile; fileRef = 322CFC0327D8F4A300F1E6FF /* RoundedButton.swift */; };
		3246EB8F27DF9EED0006340C /* PlaceholderTextView.swift in Sources */ = {isa = PBXBuildFile; fileRef = 3246EB8E27DF9EED0006340C /* PlaceholderTextView.swift */; };
		32576B4827DD38D3004F9924 /* ChattieUser.swift in Sources */ = {isa = PBXBuildFile; fileRef = 32576B4727DD38D3004F9924 /* ChattieUser.swift */; };
		32576B4A27DD4270004F9924 /* MessagesVC.swift in Sources */ = {isa = PBXBuildFile; fileRef = 32576B4927DD4270004F9924 /* MessagesVC.swift */; };
		3258703D27DB3B760028FEF9 /* GoogleService-Info.plist in Resources */ = {isa = PBXBuildFile; fileRef = 3258703C27DB3B760028FEF9 /* GoogleService-Info.plist */; };
		3258704027DB3DD30028FEF9 /* FirebaseAnalytics in Frameworks */ = {isa = PBXBuildFile; productRef = 3258703F27DB3DD30028FEF9 /* FirebaseAnalytics */; };
		3258704227DB3DD30028FEF9 /* FirebaseAnalyticsSwift-Beta in Frameworks */ = {isa = PBXBuildFile; productRef = 3258704127DB3DD30028FEF9 /* FirebaseAnalyticsSwift-Beta */; };
		3258704427DB3DD30028FEF9 /* FirebaseAnalyticsWithoutAdIdSupport in Frameworks */ = {isa = PBXBuildFile; productRef = 3258704327DB3DD30028FEF9 /* FirebaseAnalyticsWithoutAdIdSupport */; };
		3258704627DB3DD30028FEF9 /* FirebaseAppCheck in Frameworks */ = {isa = PBXBuildFile; productRef = 3258704527DB3DD30028FEF9 /* FirebaseAppCheck */; };
		3258704827DB3DD30028FEF9 /* FirebaseAppDistribution-Beta in Frameworks */ = {isa = PBXBuildFile; productRef = 3258704727DB3DD30028FEF9 /* FirebaseAppDistribution-Beta */; };
		3258704A27DB3DD30028FEF9 /* FirebaseAuth in Frameworks */ = {isa = PBXBuildFile; productRef = 3258704927DB3DD30028FEF9 /* FirebaseAuth */; };
		3258704C27DB3DD40028FEF9 /* FirebaseAuthCombine-Community in Frameworks */ = {isa = PBXBuildFile; productRef = 3258704B27DB3DD40028FEF9 /* FirebaseAuthCombine-Community */; };
		3258704E27DB3DD40028FEF9 /* FirebaseCrashlytics in Frameworks */ = {isa = PBXBuildFile; productRef = 3258704D27DB3DD40028FEF9 /* FirebaseCrashlytics */; };
		3258705027DB3DD40028FEF9 /* FirebaseDatabase in Frameworks */ = {isa = PBXBuildFile; productRef = 3258704F27DB3DD40028FEF9 /* FirebaseDatabase */; };
		3258705227DB3DD40028FEF9 /* FirebaseDatabaseSwift-Beta in Frameworks */ = {isa = PBXBuildFile; productRef = 3258705127DB3DD40028FEF9 /* FirebaseDatabaseSwift-Beta */; };
		3258705427DB3DD40028FEF9 /* FirebaseDynamicLinks in Frameworks */ = {isa = PBXBuildFile; productRef = 3258705327DB3DD40028FEF9 /* FirebaseDynamicLinks */; };
		3258705627DB3DD40028FEF9 /* FirebaseFirestore in Frameworks */ = {isa = PBXBuildFile; productRef = 3258705527DB3DD40028FEF9 /* FirebaseFirestore */; };
		3258705827DB3DD40028FEF9 /* FirebaseFirestoreCombine-Community in Frameworks */ = {isa = PBXBuildFile; productRef = 3258705727DB3DD40028FEF9 /* FirebaseFirestoreCombine-Community */; };
		3258705A27DB3DD40028FEF9 /* FirebaseFirestoreSwift-Beta in Frameworks */ = {isa = PBXBuildFile; productRef = 3258705927DB3DD40028FEF9 /* FirebaseFirestoreSwift-Beta */; };
		3258705C27DB3DD40028FEF9 /* FirebaseFunctions in Frameworks */ = {isa = PBXBuildFile; productRef = 3258705B27DB3DD40028FEF9 /* FirebaseFunctions */; };
		3258705E27DB3DD40028FEF9 /* FirebaseFunctionsCombine-Community in Frameworks */ = {isa = PBXBuildFile; productRef = 3258705D27DB3DD40028FEF9 /* FirebaseFunctionsCombine-Community */; };
		3258706027DB3DD40028FEF9 /* FirebaseFunctionsSwift-Beta in Frameworks */ = {isa = PBXBuildFile; productRef = 3258705F27DB3DD40028FEF9 /* FirebaseFunctionsSwift-Beta */; };
		3258706227DB3DD40028FEF9 /* FirebaseInAppMessaging-Beta in Frameworks */ = {isa = PBXBuildFile; productRef = 3258706127DB3DD40028FEF9 /* FirebaseInAppMessaging-Beta */; };
		3258706427DB3DD40028FEF9 /* FirebaseInAppMessagingSwift-Beta in Frameworks */ = {isa = PBXBuildFile; productRef = 3258706327DB3DD40028FEF9 /* FirebaseInAppMessagingSwift-Beta */; };
		3258706627DB3DD40028FEF9 /* FirebaseInstallations in Frameworks */ = {isa = PBXBuildFile; productRef = 3258706527DB3DD40028FEF9 /* FirebaseInstallations */; };
		3258706827DB3DD40028FEF9 /* FirebaseMLModelDownloader in Frameworks */ = {isa = PBXBuildFile; productRef = 3258706727DB3DD40028FEF9 /* FirebaseMLModelDownloader */; };
		3258706A27DB3DD40028FEF9 /* FirebaseMessaging in Frameworks */ = {isa = PBXBuildFile; productRef = 3258706927DB3DD40028FEF9 /* FirebaseMessaging */; };
		3258706C27DB3DD40028FEF9 /* FirebasePerformance in Frameworks */ = {isa = PBXBuildFile; productRef = 3258706B27DB3DD40028FEF9 /* FirebasePerformance */; };
		3258706E27DB3DD40028FEF9 /* FirebaseRemoteConfig in Frameworks */ = {isa = PBXBuildFile; productRef = 3258706D27DB3DD40028FEF9 /* FirebaseRemoteConfig */; };
		3258707027DB3DD40028FEF9 /* FirebaseRemoteConfigSwift-Beta in Frameworks */ = {isa = PBXBuildFile; productRef = 3258706F27DB3DD40028FEF9 /* FirebaseRemoteConfigSwift-Beta */; };
		3258707227DB3DD40028FEF9 /* FirebaseStorage in Frameworks */ = {isa = PBXBuildFile; productRef = 3258707127DB3DD40028FEF9 /* FirebaseStorage */; };
		3258707427DB3DD40028FEF9 /* FirebaseStorageCombine-Community in Frameworks */ = {isa = PBXBuildFile; productRef = 3258707327DB3DD40028FEF9 /* FirebaseStorageCombine-Community */; };
		3258707627DB3DD40028FEF9 /* FirebaseStorageSwift-Beta in Frameworks */ = {isa = PBXBuildFile; productRef = 3258707527DB3DD40028FEF9 /* FirebaseStorageSwift-Beta */; };
		3286493427E0D517008506C0 /* GrowingTextView.swift in Sources */ = {isa = PBXBuildFile; fileRef = 3286493327E0D517008506C0 /* GrowingTextView.swift */; };
		3286493627E105DF008506C0 /* MessageTextView.swift in Sources */ = {isa = PBXBuildFile; fileRef = 3286493527E105DF008506C0 /* MessageTextView.swift */; };
		32B95A5227D747EF00CA63A4 /* AppDelegate.swift in Sources */ = {isa = PBXBuildFile; fileRef = 32B95A5127D747EF00CA63A4 /* AppDelegate.swift */; };
		32B95A5427D747EF00CA63A4 /* SceneDelegate.swift in Sources */ = {isa = PBXBuildFile; fileRef = 32B95A5327D747EF00CA63A4 /* SceneDelegate.swift */; };
		32B95A5927D747EF00CA63A4 /* Auth.storyboard in Resources */ = {isa = PBXBuildFile; fileRef = 32B95A5727D747EF00CA63A4 /* Auth.storyboard */; };
		32B95A5C27D747EF00CA63A4 /* Chattie.xcdatamodeld in Sources */ = {isa = PBXBuildFile; fileRef = 32B95A5A27D747EF00CA63A4 /* Chattie.xcdatamodeld */; };
		32B95A5E27D747F000CA63A4 /* Assets.xcassets in Resources */ = {isa = PBXBuildFile; fileRef = 32B95A5D27D747F000CA63A4 /* Assets.xcassets */; };
		32B95A6127D747F000CA63A4 /* LaunchScreen.storyboard in Resources */ = {isa = PBXBuildFile; fileRef = 32B95A5F27D747F000CA63A4 /* LaunchScreen.storyboard */; };
		32B95A6927D7710A00CA63A4 /* Chat.storyboard in Resources */ = {isa = PBXBuildFile; fileRef = 32B95A6827D7710A00CA63A4 /* Chat.storyboard */; };
		32B95A6B27D780BE00CA63A4 /* SingInVC.swift in Sources */ = {isa = PBXBuildFile; fileRef = 32B95A6A27D780BE00CA63A4 /* SingInVC.swift */; };
		32B95A6D27D7820C00CA63A4 /* SingUpVC.swift in Sources */ = {isa = PBXBuildFile; fileRef = 32B95A6C27D7820C00CA63A4 /* SingUpVC.swift */; };
/* End PBXBuildFile section */

/* Begin PBXFileReference section */
		32067BC927DB95D900C6AC20 /* StringExtensions.swift */ = {isa = PBXFileReference; lastKnownFileType = sourcecode.swift; path = StringExtensions.swift; sourceTree = "<group>"; };
		322CFBE127D8D16700F1E6FF /* Nunito-Medium.ttf */ = {isa = PBXFileReference; lastKnownFileType = file; path = "Nunito-Medium.ttf"; sourceTree = "<group>"; };
		322CFBE227D8D16700F1E6FF /* Nunito-ExtraBoldItalic.ttf */ = {isa = PBXFileReference; lastKnownFileType = file; path = "Nunito-ExtraBoldItalic.ttf"; sourceTree = "<group>"; };
		322CFBE327D8D16700F1E6FF /* Nunito-ExtraBold.ttf */ = {isa = PBXFileReference; lastKnownFileType = file; path = "Nunito-ExtraBold.ttf"; sourceTree = "<group>"; };
		322CFBE427D8D16700F1E6FF /* Nunito-ExtraLightItalic.ttf */ = {isa = PBXFileReference; lastKnownFileType = file; path = "Nunito-ExtraLightItalic.ttf"; sourceTree = "<group>"; };
		322CFBE527D8D16700F1E6FF /* Nunito-Light.ttf */ = {isa = PBXFileReference; lastKnownFileType = file; path = "Nunito-Light.ttf"; sourceTree = "<group>"; };
		322CFBE627D8D16700F1E6FF /* Nunito-Regular.ttf */ = {isa = PBXFileReference; lastKnownFileType = file; path = "Nunito-Regular.ttf"; sourceTree = "<group>"; };
		322CFBE727D8D16700F1E6FF /* Nunito-SemiBold.ttf */ = {isa = PBXFileReference; lastKnownFileType = file; path = "Nunito-SemiBold.ttf"; sourceTree = "<group>"; };
		322CFBE827D8D16700F1E6FF /* Nunito-Bold.ttf */ = {isa = PBXFileReference; lastKnownFileType = file; path = "Nunito-Bold.ttf"; sourceTree = "<group>"; };
		322CFBE927D8D16700F1E6FF /* Nunito-BoldItalic.ttf */ = {isa = PBXFileReference; lastKnownFileType = file; path = "Nunito-BoldItalic.ttf"; sourceTree = "<group>"; };
		322CFBEA27D8D16700F1E6FF /* Nunito-Black.ttf */ = {isa = PBXFileReference; lastKnownFileType = file; path = "Nunito-Black.ttf"; sourceTree = "<group>"; };
		322CFBEB27D8D16700F1E6FF /* Nunito-ExtraLight.ttf */ = {isa = PBXFileReference; lastKnownFileType = file; path = "Nunito-ExtraLight.ttf"; sourceTree = "<group>"; };
		322CFBEC27D8D16700F1E6FF /* Nunito-SemiBoldItalic.ttf */ = {isa = PBXFileReference; lastKnownFileType = file; path = "Nunito-SemiBoldItalic.ttf"; sourceTree = "<group>"; };
		322CFBED27D8D16700F1E6FF /* Nunito-BlackItalic.ttf */ = {isa = PBXFileReference; lastKnownFileType = file; path = "Nunito-BlackItalic.ttf"; sourceTree = "<group>"; };
		322CFBEE27D8D16700F1E6FF /* Nunito-Italic.ttf */ = {isa = PBXFileReference; lastKnownFileType = file; path = "Nunito-Italic.ttf"; sourceTree = "<group>"; };
		322CFBEF27D8D16700F1E6FF /* Nunito-LightItalic.ttf */ = {isa = PBXFileReference; lastKnownFileType = file; path = "Nunito-LightItalic.ttf"; sourceTree = "<group>"; };
		322CFBF027D8D16700F1E6FF /* Nunito-MediumItalic.ttf */ = {isa = PBXFileReference; lastKnownFileType = file; path = "Nunito-MediumItalic.ttf"; sourceTree = "<group>"; };
		322CFC0127D8F25700F1E6FF /* AuthTableViewController.swift */ = {isa = PBXFileReference; lastKnownFileType = sourcecode.swift; path = AuthTableViewController.swift; sourceTree = "<group>"; };
		322CFC0327D8F4A300F1E6FF /* RoundedButton.swift */ = {isa = PBXFileReference; lastKnownFileType = sourcecode.swift; path = RoundedButton.swift; sourceTree = "<group>"; };
		3246EB8E27DF9EED0006340C /* PlaceholderTextView.swift */ = {isa = PBXFileReference; lastKnownFileType = sourcecode.swift; path = PlaceholderTextView.swift; sourceTree = "<group>"; };
		32576B4727DD38D3004F9924 /* ChattieUser.swift */ = {isa = PBXFileReference; lastKnownFileType = sourcecode.swift; path = ChattieUser.swift; sourceTree = "<group>"; };
		32576B4927DD4270004F9924 /* MessagesVC.swift */ = {isa = PBXFileReference; lastKnownFileType = sourcecode.swift; path = MessagesVC.swift; sourceTree = "<group>"; };
		3258703C27DB3B760028FEF9 /* GoogleService-Info.plist */ = {isa = PBXFileReference; fileEncoding = 4; lastKnownFileType = text.plist.xml; path = "GoogleService-Info.plist"; sourceTree = "<group>"; };
		3286493327E0D517008506C0 /* GrowingTextView.swift */ = {isa = PBXFileReference; lastKnownFileType = sourcecode.swift; path = GrowingTextView.swift; sourceTree = "<group>"; };
		3286493527E105DF008506C0 /* MessageTextView.swift */ = {isa = PBXFileReference; lastKnownFileType = sourcecode.swift; path = MessageTextView.swift; sourceTree = "<group>"; };
		32B95A4E27D747EF00CA63A4 /* Chattie.app */ = {isa = PBXFileReference; explicitFileType = wrapper.application; includeInIndex = 0; path = Chattie.app; sourceTree = BUILT_PRODUCTS_DIR; };
		32B95A5127D747EF00CA63A4 /* AppDelegate.swift */ = {isa = PBXFileReference; lastKnownFileType = sourcecode.swift; path = AppDelegate.swift; sourceTree = "<group>"; };
		32B95A5327D747EF00CA63A4 /* SceneDelegate.swift */ = {isa = PBXFileReference; lastKnownFileType = sourcecode.swift; path = SceneDelegate.swift; sourceTree = "<group>"; };
		32B95A5827D747EF00CA63A4 /* Base */ = {isa = PBXFileReference; lastKnownFileType = file.storyboard; name = Base; path = Base.lproj/Auth.storyboard; sourceTree = "<group>"; };
		32B95A5B27D747EF00CA63A4 /* Chattie.xcdatamodel */ = {isa = PBXFileReference; lastKnownFileType = wrapper.xcdatamodel; path = Chattie.xcdatamodel; sourceTree = "<group>"; };
		32B95A5D27D747F000CA63A4 /* Assets.xcassets */ = {isa = PBXFileReference; lastKnownFileType = folder.assetcatalog; path = Assets.xcassets; sourceTree = "<group>"; };
		32B95A6027D747F000CA63A4 /* Base */ = {isa = PBXFileReference; lastKnownFileType = file.storyboard; name = Base; path = Base.lproj/LaunchScreen.storyboard; sourceTree = "<group>"; };
		32B95A6227D747F000CA63A4 /* Info.plist */ = {isa = PBXFileReference; lastKnownFileType = text.plist.xml; path = Info.plist; sourceTree = "<group>"; };
		32B95A6827D7710A00CA63A4 /* Chat.storyboard */ = {isa = PBXFileReference; lastKnownFileType = file.storyboard; path = Chat.storyboard; sourceTree = "<group>"; };
		32B95A6A27D780BE00CA63A4 /* SingInVC.swift */ = {isa = PBXFileReference; lastKnownFileType = sourcecode.swift; path = SingInVC.swift; sourceTree = "<group>"; };
		32B95A6C27D7820C00CA63A4 /* SingUpVC.swift */ = {isa = PBXFileReference; lastKnownFileType = sourcecode.swift; path = SingUpVC.swift; sourceTree = "<group>"; };
/* End PBXFileReference section */

/* Begin PBXFrameworksBuildPhase section */
		32B95A4B27D747EF00CA63A4 /* Frameworks */ = {
			isa = PBXFrameworksBuildPhase;
			buildActionMask = 2147483647;
			files = (
				3258705827DB3DD40028FEF9 /* FirebaseFirestoreCombine-Community in Frameworks */,
				3258705227DB3DD40028FEF9 /* FirebaseDatabaseSwift-Beta in Frameworks */,
				3258705427DB3DD40028FEF9 /* FirebaseDynamicLinks in Frameworks */,
				3258704627DB3DD30028FEF9 /* FirebaseAppCheck in Frameworks */,
				3258704A27DB3DD30028FEF9 /* FirebaseAuth in Frameworks */,
				3258707627DB3DD40028FEF9 /* FirebaseStorageSwift-Beta in Frameworks */,
				3258704227DB3DD30028FEF9 /* FirebaseAnalyticsSwift-Beta in Frameworks */,
				3258707027DB3DD40028FEF9 /* FirebaseRemoteConfigSwift-Beta in Frameworks */,
				3258706827DB3DD40028FEF9 /* FirebaseMLModelDownloader in Frameworks */,
				3258705627DB3DD40028FEF9 /* FirebaseFirestore in Frameworks */,
				3258705E27DB3DD40028FEF9 /* FirebaseFunctionsCombine-Community in Frameworks */,
				3258704827DB3DD30028FEF9 /* FirebaseAppDistribution-Beta in Frameworks */,
				3258704427DB3DD30028FEF9 /* FirebaseAnalyticsWithoutAdIdSupport in Frameworks */,
				3258705A27DB3DD40028FEF9 /* FirebaseFirestoreSwift-Beta in Frameworks */,
				3258706227DB3DD40028FEF9 /* FirebaseInAppMessaging-Beta in Frameworks */,
				3258704E27DB3DD40028FEF9 /* FirebaseCrashlytics in Frameworks */,
				3258705027DB3DD40028FEF9 /* FirebaseDatabase in Frameworks */,
				3258707427DB3DD40028FEF9 /* FirebaseStorageCombine-Community in Frameworks */,
				3258706E27DB3DD40028FEF9 /* FirebaseRemoteConfig in Frameworks */,
				3258706027DB3DD40028FEF9 /* FirebaseFunctionsSwift-Beta in Frameworks */,
				3258705C27DB3DD40028FEF9 /* FirebaseFunctions in Frameworks */,
				3258706C27DB3DD40028FEF9 /* FirebasePerformance in Frameworks */,
				3258706427DB3DD40028FEF9 /* FirebaseInAppMessagingSwift-Beta in Frameworks */,
				3258707227DB3DD40028FEF9 /* FirebaseStorage in Frameworks */,
				3258704C27DB3DD40028FEF9 /* FirebaseAuthCombine-Community in Frameworks */,
				3258704027DB3DD30028FEF9 /* FirebaseAnalytics in Frameworks */,
				3258706A27DB3DD40028FEF9 /* FirebaseMessaging in Frameworks */,
				3258706627DB3DD40028FEF9 /* FirebaseInstallations in Frameworks */,
			);
			runOnlyForDeploymentPostprocessing = 0;
		};
/* End PBXFrameworksBuildPhase section */

/* Begin PBXGroup section */
		322CFBE027D8D16700F1E6FF /* Resources */ = {
			isa = PBXGroup;
			children = (
				322CFBE127D8D16700F1E6FF /* Nunito-Medium.ttf */,
				322CFBE227D8D16700F1E6FF /* Nunito-ExtraBoldItalic.ttf */,
				322CFBE327D8D16700F1E6FF /* Nunito-ExtraBold.ttf */,
				322CFBE427D8D16700F1E6FF /* Nunito-ExtraLightItalic.ttf */,
				322CFBE527D8D16700F1E6FF /* Nunito-Light.ttf */,
				322CFBE627D8D16700F1E6FF /* Nunito-Regular.ttf */,
				322CFBE727D8D16700F1E6FF /* Nunito-SemiBold.ttf */,
				322CFBE827D8D16700F1E6FF /* Nunito-Bold.ttf */,
				322CFBE927D8D16700F1E6FF /* Nunito-BoldItalic.ttf */,
				322CFBEA27D8D16700F1E6FF /* Nunito-Black.ttf */,
				322CFBEB27D8D16700F1E6FF /* Nunito-ExtraLight.ttf */,
				322CFBEC27D8D16700F1E6FF /* Nunito-SemiBoldItalic.ttf */,
				322CFBED27D8D16700F1E6FF /* Nunito-BlackItalic.ttf */,
				322CFBEE27D8D16700F1E6FF /* Nunito-Italic.ttf */,
				322CFBEF27D8D16700F1E6FF /* Nunito-LightItalic.ttf */,
				322CFBF027D8D16700F1E6FF /* Nunito-MediumItalic.ttf */,
			);
			path = Resources;
			sourceTree = "<group>";
		};
		3246EB8727DF3EDF0006340C /* Model */ = {
			isa = PBXGroup;
			children = (
				32576B4727DD38D3004F9924 /* ChattieUser.swift */,
				32067BC927DB95D900C6AC20 /* StringExtensions.swift */,
			);
			path = Model;
			sourceTree = "<group>";
		};
		3246EB8827DF3EF70006340C /* View */ = {
			isa = PBXGroup;
			children = (
				322CFC0327D8F4A300F1E6FF /* RoundedButton.swift */,
			);
			path = View;
			sourceTree = "<group>";
		};
		3246EB8927DF3F060006340C /* Controller */ = {
			isa = PBXGroup;
			children = (
				32B95A5127D747EF00CA63A4 /* AppDelegate.swift */,
				32B95A5327D747EF00CA63A4 /* SceneDelegate.swift */,
			);
			path = Controller;
			sourceTree = "<group>";
		};
		3246EB8A27DF3F550006340C /* View */ = {
			isa = PBXGroup;
			children = (
				32B95A5727D747EF00CA63A4 /* Auth.storyboard */,
			);
			path = View;
			sourceTree = "<group>";
		};
		3246EB8B27DF3F610006340C /* Controller */ = {
			isa = PBXGroup;
			children = (
				32B95A6A27D780BE00CA63A4 /* SingInVC.swift */,
				32B95A6C27D7820C00CA63A4 /* SingUpVC.swift */,
				322CFC0127D8F25700F1E6FF /* AuthTableViewController.swift */,
			);
			path = Controller;
			sourceTree = "<group>";
		};
		3246EB8C27DF3F930006340C /* Controller */ = {
			isa = PBXGroup;
			children = (
				32576B4927DD4270004F9924 /* MessagesVC.swift */,
			);
			path = Controller;
			sourceTree = "<group>";
		};
		3246EB8D27DF3F9F0006340C /* View */ = {
			isa = PBXGroup;
			children = (
				32B95A6827D7710A00CA63A4 /* Chat.storyboard */,
				3246EB8E27DF9EED0006340C /* PlaceholderTextView.swift */,
				3286493327E0D517008506C0 /* GrowingTextView.swift */,
				3286493527E105DF008506C0 /* MessageTextView.swift */,
			);
			path = View;
			sourceTree = "<group>";
		};
		329FCB5D27DF36BB008FF52C /* Supporting Files */ = {
			isa = PBXGroup;
			children = (
				32B95A5D27D747F000CA63A4 /* Assets.xcassets */,
				32B95A5F27D747F000CA63A4 /* LaunchScreen.storyboard */,
				3258703C27DB3B760028FEF9 /* GoogleService-Info.plist */,
				32B95A5A27D747EF00CA63A4 /* Chattie.xcdatamodeld */,
				322CFBE027D8D16700F1E6FF /* Resources */,
			);
			path = "Supporting Files";
			sourceTree = "<group>";
		};
		329FCB5E27DF36D8008FF52C /* Global */ = {
			isa = PBXGroup;
			children = (
				3246EB8727DF3EDF0006340C /* Model */,
				3246EB8827DF3EF70006340C /* View */,
				3246EB8927DF3F060006340C /* Controller */,
			);
			path = Global;
			sourceTree = "<group>";
		};
		329FCB5F27DF3715008FF52C /* Auth */ = {
			isa = PBXGroup;
			children = (
				3246EB8A27DF3F550006340C /* View */,
				3246EB8B27DF3F610006340C /* Controller */,
			);
			path = Auth;
			sourceTree = "<group>";
		};
		329FCB6027DF3727008FF52C /* Chat */ = {
			isa = PBXGroup;
			children = (
				3246EB8D27DF3F9F0006340C /* View */,
				3246EB8C27DF3F930006340C /* Controller */,
			);
			path = Chat;
			sourceTree = "<group>";
		};
		32B95A4527D747EF00CA63A4 = {
			isa = PBXGroup;
			children = (
				32B95A5027D747EF00CA63A4 /* Chattie */,
				32B95A4F27D747EF00CA63A4 /* Products */,
			);
			sourceTree = "<group>";
		};
		32B95A4F27D747EF00CA63A4 /* Products */ = {
			isa = PBXGroup;
			children = (
				32B95A4E27D747EF00CA63A4 /* Chattie.app */,
			);
			name = Products;
			sourceTree = "<group>";
		};
		32B95A5027D747EF00CA63A4 /* Chattie */ = {
			isa = PBXGroup;
			children = (
				329FCB5D27DF36BB008FF52C /* Supporting Files */,
				329FCB5E27DF36D8008FF52C /* Global */,
				329FCB5F27DF3715008FF52C /* Auth */,
				329FCB6027DF3727008FF52C /* Chat */,
				32B95A6227D747F000CA63A4 /* Info.plist */,
			);
			path = Chattie;
			sourceTree = "<group>";
		};
/* End PBXGroup section */

/* Begin PBXNativeTarget section */
		32B95A4D27D747EF00CA63A4 /* Chattie */ = {
			isa = PBXNativeTarget;
			buildConfigurationList = 32B95A6527D747F000CA63A4 /* Build configuration list for PBXNativeTarget "Chattie" */;
			buildPhases = (
				32B95A4A27D747EF00CA63A4 /* Sources */,
				32B95A4B27D747EF00CA63A4 /* Frameworks */,
				32B95A4C27D747EF00CA63A4 /* Resources */,
			);
			buildRules = (
			);
			dependencies = (
			);
			name = Chattie;
			packageProductDependencies = (
				3258703F27DB3DD30028FEF9 /* FirebaseAnalytics */,
				3258704127DB3DD30028FEF9 /* FirebaseAnalyticsSwift-Beta */,
				3258704327DB3DD30028FEF9 /* FirebaseAnalyticsWithoutAdIdSupport */,
				3258704527DB3DD30028FEF9 /* FirebaseAppCheck */,
				3258704727DB3DD30028FEF9 /* FirebaseAppDistribution-Beta */,
				3258704927DB3DD30028FEF9 /* FirebaseAuth */,
				3258704B27DB3DD40028FEF9 /* FirebaseAuthCombine-Community */,
				3258704D27DB3DD40028FEF9 /* FirebaseCrashlytics */,
				3258704F27DB3DD40028FEF9 /* FirebaseDatabase */,
				3258705127DB3DD40028FEF9 /* FirebaseDatabaseSwift-Beta */,
				3258705327DB3DD40028FEF9 /* FirebaseDynamicLinks */,
				3258705527DB3DD40028FEF9 /* FirebaseFirestore */,
				3258705727DB3DD40028FEF9 /* FirebaseFirestoreCombine-Community */,
				3258705927DB3DD40028FEF9 /* FirebaseFirestoreSwift-Beta */,
				3258705B27DB3DD40028FEF9 /* FirebaseFunctions */,
				3258705D27DB3DD40028FEF9 /* FirebaseFunctionsCombine-Community */,
				3258705F27DB3DD40028FEF9 /* FirebaseFunctionsSwift-Beta */,
				3258706127DB3DD40028FEF9 /* FirebaseInAppMessaging-Beta */,
				3258706327DB3DD40028FEF9 /* FirebaseInAppMessagingSwift-Beta */,
				3258706527DB3DD40028FEF9 /* FirebaseInstallations */,
				3258706727DB3DD40028FEF9 /* FirebaseMLModelDownloader */,
				3258706927DB3DD40028FEF9 /* FirebaseMessaging */,
				3258706B27DB3DD40028FEF9 /* FirebasePerformance */,
				3258706D27DB3DD40028FEF9 /* FirebaseRemoteConfig */,
				3258706F27DB3DD40028FEF9 /* FirebaseRemoteConfigSwift-Beta */,
				3258707127DB3DD40028FEF9 /* FirebaseStorage */,
				3258707327DB3DD40028FEF9 /* FirebaseStorageCombine-Community */,
				3258707527DB3DD40028FEF9 /* FirebaseStorageSwift-Beta */,
			);
			productName = Chattie;
			productReference = 32B95A4E27D747EF00CA63A4 /* Chattie.app */;
			productType = "com.apple.product-type.application";
		};
/* End PBXNativeTarget section */

/* Begin PBXProject section */
		32B95A4627D747EF00CA63A4 /* Project object */ = {
			isa = PBXProject;
			attributes = {
				BuildIndependentTargetsInParallel = 1;
				LastSwiftUpdateCheck = 1320;
				LastUpgradeCheck = 1320;
				TargetAttributes = {
					32B95A4D27D747EF00CA63A4 = {
						CreatedOnToolsVersion = 13.2.1;
					};
				};
			};
			buildConfigurationList = 32B95A4927D747EF00CA63A4 /* Build configuration list for PBXProject "Chattie" */;
			compatibilityVersion = "Xcode 13.0";
			developmentRegion = en;
			hasScannedForEncodings = 0;
			knownRegions = (
				en,
				Base,
			);
			mainGroup = 32B95A4527D747EF00CA63A4;
			packageReferences = (
				3258703E27DB3DD30028FEF9 /* XCRemoteSwiftPackageReference "firebase-ios-sdk" */,
			);
			productRefGroup = 32B95A4F27D747EF00CA63A4 /* Products */;
			projectDirPath = "";
			projectRoot = "";
			targets = (
				32B95A4D27D747EF00CA63A4 /* Chattie */,
			);
		};
/* End PBXProject section */

/* Begin PBXResourcesBuildPhase section */
		32B95A4C27D747EF00CA63A4 /* Resources */ = {
			isa = PBXResourcesBuildPhase;
			buildActionMask = 2147483647;
			files = (
				322CFBF627D8D16700F1E6FF /* Nunito-Regular.ttf in Resources */,
				322CFBFE27D8D16700F1E6FF /* Nunito-Italic.ttf in Resources */,
				322CFBFA27D8D16700F1E6FF /* Nunito-Black.ttf in Resources */,
				32B95A6127D747F000CA63A4 /* LaunchScreen.storyboard in Resources */,
				32B95A5E27D747F000CA63A4 /* Assets.xcassets in Resources */,
				322CFBFC27D8D16700F1E6FF /* Nunito-SemiBoldItalic.ttf in Resources */,
				322CFBF527D8D16700F1E6FF /* Nunito-Light.ttf in Resources */,
				32B95A6927D7710A00CA63A4 /* Chat.storyboard in Resources */,
				322CFC0027D8D16700F1E6FF /* Nunito-MediumItalic.ttf in Resources */,
				322CFBF727D8D16700F1E6FF /* Nunito-SemiBold.ttf in Resources */,
				322CFBF427D8D16700F1E6FF /* Nunito-ExtraLightItalic.ttf in Resources */,
				32B95A5927D747EF00CA63A4 /* Auth.storyboard in Resources */,
				322CFBFB27D8D16700F1E6FF /* Nunito-ExtraLight.ttf in Resources */,
				322CFBF127D8D16700F1E6FF /* Nunito-Medium.ttf in Resources */,
				322CFBFD27D8D16700F1E6FF /* Nunito-BlackItalic.ttf in Resources */,
				322CFBF227D8D16700F1E6FF /* Nunito-ExtraBoldItalic.ttf in Resources */,
				322CFBF827D8D16700F1E6FF /* Nunito-Bold.ttf in Resources */,
				322CFBF327D8D16700F1E6FF /* Nunito-ExtraBold.ttf in Resources */,
				322CFBFF27D8D16700F1E6FF /* Nunito-LightItalic.ttf in Resources */,
				322CFBF927D8D16700F1E6FF /* Nunito-BoldItalic.ttf in Resources */,
				3258703D27DB3B760028FEF9 /* GoogleService-Info.plist in Resources */,
			);
			runOnlyForDeploymentPostprocessing = 0;
		};
/* End PBXResourcesBuildPhase section */

/* Begin PBXSourcesBuildPhase section */
		32B95A4A27D747EF00CA63A4 /* Sources */ = {
			isa = PBXSourcesBuildPhase;
			buildActionMask = 2147483647;
			files = (
				32067BCA27DB95D900C6AC20 /* StringExtensions.swift in Sources */,
				32576B4827DD38D3004F9924 /* ChattieUser.swift in Sources */,
				3286493627E105DF008506C0 /* MessageTextView.swift in Sources */,
				32B95A5227D747EF00CA63A4 /* AppDelegate.swift in Sources */,
				32B95A6B27D780BE00CA63A4 /* SingInVC.swift in Sources */,
				32B95A6D27D7820C00CA63A4 /* SingUpVC.swift in Sources */,
				32B95A5C27D747EF00CA63A4 /* Chattie.xcdatamodeld in Sources */,
				322CFC0427D8F4A300F1E6FF /* RoundedButton.swift in Sources */,
				32B95A5427D747EF00CA63A4 /* SceneDelegate.swift in Sources */,
				32576B4A27DD4270004F9924 /* MessagesVC.swift in Sources */,
				3286493427E0D517008506C0 /* GrowingTextView.swift in Sources */,
				3246EB8F27DF9EED0006340C /* PlaceholderTextView.swift in Sources */,
				322CFC0227D8F25700F1E6FF /* AuthTableViewController.swift in Sources */,
			);
			runOnlyForDeploymentPostprocessing = 0;
		};
/* End PBXSourcesBuildPhase section */

/* Begin PBXVariantGroup section */
		32B95A5727D747EF00CA63A4 /* Auth.storyboard */ = {
			isa = PBXVariantGroup;
			children = (
				32B95A5827D747EF00CA63A4 /* Base */,
			);
			name = Auth.storyboard;
			sourceTree = "<group>";
		};
		32B95A5F27D747F000CA63A4 /* LaunchScreen.storyboard */ = {
			isa = PBXVariantGroup;
			children = (
				32B95A6027D747F000CA63A4 /* Base */,
			);
			name = LaunchScreen.storyboard;
			sourceTree = "<group>";
		};
/* End PBXVariantGroup section */

/* Begin XCBuildConfiguration section */
		32B95A6327D747F000CA63A4 /* Debug */ = {
			isa = XCBuildConfiguration;
			buildSettings = {
				ALWAYS_SEARCH_USER_PATHS = NO;
				CLANG_ANALYZER_NONNULL = YES;
				CLANG_ANALYZER_NUMBER_OBJECT_CONVERSION = YES_AGGRESSIVE;
				CLANG_CXX_LANGUAGE_STANDARD = "gnu++17";
				CLANG_CXX_LIBRARY = "libc++";
				CLANG_ENABLE_MODULES = YES;
				CLANG_ENABLE_OBJC_ARC = YES;
				CLANG_ENABLE_OBJC_WEAK = YES;
				CLANG_WARN_BLOCK_CAPTURE_AUTORELEASING = YES;
				CLANG_WARN_BOOL_CONVERSION = YES;
				CLANG_WARN_COMMA = YES;
				CLANG_WARN_CONSTANT_CONVERSION = YES;
				CLANG_WARN_DEPRECATED_OBJC_IMPLEMENTATIONS = YES;
				CLANG_WARN_DIRECT_OBJC_ISA_USAGE = YES_ERROR;
				CLANG_WARN_DOCUMENTATION_COMMENTS = YES;
				CLANG_WARN_EMPTY_BODY = YES;
				CLANG_WARN_ENUM_CONVERSION = YES;
				CLANG_WARN_INFINITE_RECURSION = YES;
				CLANG_WARN_INT_CONVERSION = YES;
				CLANG_WARN_NON_LITERAL_NULL_CONVERSION = YES;
				CLANG_WARN_OBJC_IMPLICIT_RETAIN_SELF = YES;
				CLANG_WARN_OBJC_LITERAL_CONVERSION = YES;
				CLANG_WARN_OBJC_ROOT_CLASS = YES_ERROR;
				CLANG_WARN_QUOTED_INCLUDE_IN_FRAMEWORK_HEADER = YES;
				CLANG_WARN_RANGE_LOOP_ANALYSIS = YES;
				CLANG_WARN_STRICT_PROTOTYPES = YES;
				CLANG_WARN_SUSPICIOUS_MOVE = YES;
				CLANG_WARN_UNGUARDED_AVAILABILITY = YES_AGGRESSIVE;
				CLANG_WARN_UNREACHABLE_CODE = YES;
				CLANG_WARN__DUPLICATE_METHOD_MATCH = YES;
				COPY_PHASE_STRIP = NO;
				DEBUG_INFORMATION_FORMAT = dwarf;
				ENABLE_STRICT_OBJC_MSGSEND = YES;
				ENABLE_TESTABILITY = YES;
				GCC_C_LANGUAGE_STANDARD = gnu11;
				GCC_DYNAMIC_NO_PIC = NO;
				GCC_NO_COMMON_BLOCKS = YES;
				GCC_OPTIMIZATION_LEVEL = 0;
				GCC_PREPROCESSOR_DEFINITIONS = (
					"DEBUG=1",
					"$(inherited)",
				);
				GCC_WARN_64_TO_32_BIT_CONVERSION = YES;
				GCC_WARN_ABOUT_RETURN_TYPE = YES_ERROR;
				GCC_WARN_UNDECLARED_SELECTOR = YES;
				GCC_WARN_UNINITIALIZED_AUTOS = YES_AGGRESSIVE;
				GCC_WARN_UNUSED_FUNCTION = YES;
				GCC_WARN_UNUSED_VARIABLE = YES;
				IPHONEOS_DEPLOYMENT_TARGET = 15.2;
				MTL_ENABLE_DEBUG_INFO = INCLUDE_SOURCE;
				MTL_FAST_MATH = YES;
				ONLY_ACTIVE_ARCH = YES;
				SDKROOT = iphoneos;
				SWIFT_ACTIVE_COMPILATION_CONDITIONS = DEBUG;
				SWIFT_OPTIMIZATION_LEVEL = "-Onone";
			};
			name = Debug;
		};
		32B95A6427D747F000CA63A4 /* Release */ = {
			isa = XCBuildConfiguration;
			buildSettings = {
				ALWAYS_SEARCH_USER_PATHS = NO;
				CLANG_ANALYZER_NONNULL = YES;
				CLANG_ANALYZER_NUMBER_OBJECT_CONVERSION = YES_AGGRESSIVE;
				CLANG_CXX_LANGUAGE_STANDARD = "gnu++17";
				CLANG_CXX_LIBRARY = "libc++";
				CLANG_ENABLE_MODULES = YES;
				CLANG_ENABLE_OBJC_ARC = YES;
				CLANG_ENABLE_OBJC_WEAK = YES;
				CLANG_WARN_BLOCK_CAPTURE_AUTORELEASING = YES;
				CLANG_WARN_BOOL_CONVERSION = YES;
				CLANG_WARN_COMMA = YES;
				CLANG_WARN_CONSTANT_CONVERSION = YES;
				CLANG_WARN_DEPRECATED_OBJC_IMPLEMENTATIONS = YES;
				CLANG_WARN_DIRECT_OBJC_ISA_USAGE = YES_ERROR;
				CLANG_WARN_DOCUMENTATION_COMMENTS = YES;
				CLANG_WARN_EMPTY_BODY = YES;
				CLANG_WARN_ENUM_CONVERSION = YES;
				CLANG_WARN_INFINITE_RECURSION = YES;
				CLANG_WARN_INT_CONVERSION = YES;
				CLANG_WARN_NON_LITERAL_NULL_CONVERSION = YES;
				CLANG_WARN_OBJC_IMPLICIT_RETAIN_SELF = YES;
				CLANG_WARN_OBJC_LITERAL_CONVERSION = YES;
				CLANG_WARN_OBJC_ROOT_CLASS = YES_ERROR;
				CLANG_WARN_QUOTED_INCLUDE_IN_FRAMEWORK_HEADER = YES;
				CLANG_WARN_RANGE_LOOP_ANALYSIS = YES;
				CLANG_WARN_STRICT_PROTOTYPES = YES;
				CLANG_WARN_SUSPICIOUS_MOVE = YES;
				CLANG_WARN_UNGUARDED_AVAILABILITY = YES_AGGRESSIVE;
				CLANG_WARN_UNREACHABLE_CODE = YES;
				CLANG_WARN__DUPLICATE_METHOD_MATCH = YES;
				COPY_PHASE_STRIP = NO;
				DEBUG_INFORMATION_FORMAT = "dwarf-with-dsym";
				ENABLE_NS_ASSERTIONS = NO;
				ENABLE_STRICT_OBJC_MSGSEND = YES;
				GCC_C_LANGUAGE_STANDARD = gnu11;
				GCC_NO_COMMON_BLOCKS = YES;
				GCC_WARN_64_TO_32_BIT_CONVERSION = YES;
				GCC_WARN_ABOUT_RETURN_TYPE = YES_ERROR;
				GCC_WARN_UNDECLARED_SELECTOR = YES;
				GCC_WARN_UNINITIALIZED_AUTOS = YES_AGGRESSIVE;
				GCC_WARN_UNUSED_FUNCTION = YES;
				GCC_WARN_UNUSED_VARIABLE = YES;
				IPHONEOS_DEPLOYMENT_TARGET = 15.2;
				MTL_ENABLE_DEBUG_INFO = NO;
				MTL_FAST_MATH = YES;
				SDKROOT = iphoneos;
				SWIFT_COMPILATION_MODE = wholemodule;
				SWIFT_OPTIMIZATION_LEVEL = "-O";
				VALIDATE_PRODUCT = YES;
			};
			name = Release;
		};
		32B95A6627D747F000CA63A4 /* Debug */ = {
			isa = XCBuildConfiguration;
			buildSettings = {
				ASSETCATALOG_COMPILER_APPICON_NAME = AppIcon;
				ASSETCATALOG_COMPILER_GLOBAL_ACCENT_COLOR_NAME = AccentColor;
				CODE_SIGN_STYLE = Automatic;
				CURRENT_PROJECT_VERSION = 1;
				DEVELOPMENT_TEAM = 4B3LS46Z5J;
				GENERATE_INFOPLIST_FILE = YES;
				INFOPLIST_FILE = Chattie/Info.plist;
				INFOPLIST_KEY_UIApplicationSupportsIndirectInputEvents = YES;
				INFOPLIST_KEY_UILaunchStoryboardName = LaunchScreen;
				INFOPLIST_KEY_UIMainStoryboardFile = Auth;
				INFOPLIST_KEY_UISupportedInterfaceOrientations = "UIInterfaceOrientationPortrait UIInterfaceOrientationLandscapeLeft UIInterfaceOrientationLandscapeRight";
				INFOPLIST_KEY_UISupportedInterfaceOrientations_iPad = "UIInterfaceOrientationPortrait UIInterfaceOrientationPortraitUpsideDown UIInterfaceOrientationLandscapeLeft UIInterfaceOrientationLandscapeRight";
				INFOPLIST_KEY_UISupportedInterfaceOrientations_iPhone = "UIInterfaceOrientationPortrait UIInterfaceOrientationLandscapeLeft UIInterfaceOrientationLandscapeRight";
				LD_RUNPATH_SEARCH_PATHS = (
					"$(inherited)",
					"@executable_path/Frameworks",
				);
				MARKETING_VERSION = 1.0;
				PRODUCT_BUNDLE_IDENTIFIER = com.kamilniemczyk.Chattie;
				PRODUCT_NAME = "$(TARGET_NAME)";
				SWIFT_EMIT_LOC_STRINGS = YES;
				SWIFT_VERSION = 5.0;
				TARGETED_DEVICE_FAMILY = "1,2";
			};
			name = Debug;
		};
		32B95A6727D747F000CA63A4 /* Release */ = {
			isa = XCBuildConfiguration;
			buildSettings = {
				ASSETCATALOG_COMPILER_APPICON_NAME = AppIcon;
				ASSETCATALOG_COMPILER_GLOBAL_ACCENT_COLOR_NAME = AccentColor;
				CODE_SIGN_STYLE = Automatic;
				CURRENT_PROJECT_VERSION = 1;
				DEVELOPMENT_TEAM = 4B3LS46Z5J;
				GENERATE_INFOPLIST_FILE = YES;
				INFOPLIST_FILE = Chattie/Info.plist;
				INFOPLIST_KEY_UIApplicationSupportsIndirectInputEvents = YES;
				INFOPLIST_KEY_UILaunchStoryboardName = LaunchScreen;
				INFOPLIST_KEY_UIMainStoryboardFile = Auth;
				INFOPLIST_KEY_UISupportedInterfaceOrientations = "UIInterfaceOrientationPortrait UIInterfaceOrientationLandscapeLeft UIInterfaceOrientationLandscapeRight";
				INFOPLIST_KEY_UISupportedInterfaceOrientations_iPad = "UIInterfaceOrientationPortrait UIInterfaceOrientationPortraitUpsideDown UIInterfaceOrientationLandscapeLeft UIInterfaceOrientationLandscapeRight";
				INFOPLIST_KEY_UISupportedInterfaceOrientations_iPhone = "UIInterfaceOrientationPortrait UIInterfaceOrientationLandscapeLeft UIInterfaceOrientationLandscapeRight";
				LD_RUNPATH_SEARCH_PATHS = (
					"$(inherited)",
					"@executable_path/Frameworks",
				);
				MARKETING_VERSION = 1.0;
				PRODUCT_BUNDLE_IDENTIFIER = com.kamilniemczyk.Chattie;
				PRODUCT_NAME = "$(TARGET_NAME)";
				SWIFT_EMIT_LOC_STRINGS = YES;
				SWIFT_VERSION = 5.0;
				TARGETED_DEVICE_FAMILY = "1,2";
			};
			name = Release;
		};
/* End XCBuildConfiguration section */

/* Begin XCConfigurationList section */
		32B95A4927D747EF00CA63A4 /* Build configuration list for PBXProject "Chattie" */ = {
			isa = XCConfigurationList;
			buildConfigurations = (
				32B95A6327D747F000CA63A4 /* Debug */,
				32B95A6427D747F000CA63A4 /* Release */,
			);
			defaultConfigurationIsVisible = 0;
			defaultConfigurationName = Release;
		};
		32B95A6527D747F000CA63A4 /* Build configuration list for PBXNativeTarget "Chattie" */ = {
			isa = XCConfigurationList;
			buildConfigurations = (
				32B95A6627D747F000CA63A4 /* Debug */,
				32B95A6727D747F000CA63A4 /* Release */,
			);
			defaultConfigurationIsVisible = 0;
			defaultConfigurationName = Release;
		};
/* End XCConfigurationList section */

/* Begin XCRemoteSwiftPackageReference section */
		3258703E27DB3DD30028FEF9 /* XCRemoteSwiftPackageReference "firebase-ios-sdk" */ = {
			isa = XCRemoteSwiftPackageReference;
			repositoryURL = "https://github.com/firebase/firebase-ios-sdk";
			requirement = {
				kind = upToNextMajorVersion;
				minimumVersion = 8.0.0;
			};
		};
/* End XCRemoteSwiftPackageReference section */

/* Begin XCSwiftPackageProductDependency section */
		3258703F27DB3DD30028FEF9 /* FirebaseAnalytics */ = {
			isa = XCSwiftPackageProductDependency;
			package = 3258703E27DB3DD30028FEF9 /* XCRemoteSwiftPackageReference "firebase-ios-sdk" */;
			productName = FirebaseAnalytics;
		};
		3258704127DB3DD30028FEF9 /* FirebaseAnalyticsSwift-Beta */ = {
			isa = XCSwiftPackageProductDependency;
			package = 3258703E27DB3DD30028FEF9 /* XCRemoteSwiftPackageReference "firebase-ios-sdk" */;
			productName = "FirebaseAnalyticsSwift-Beta";
		};
		3258704327DB3DD30028FEF9 /* FirebaseAnalyticsWithoutAdIdSupport */ = {
			isa = XCSwiftPackageProductDependency;
			package = 3258703E27DB3DD30028FEF9 /* XCRemoteSwiftPackageReference "firebase-ios-sdk" */;
			productName = FirebaseAnalyticsWithoutAdIdSupport;
		};
		3258704527DB3DD30028FEF9 /* FirebaseAppCheck */ = {
			isa = XCSwiftPackageProductDependency;
			package = 3258703E27DB3DD30028FEF9 /* XCRemoteSwiftPackageReference "firebase-ios-sdk" */;
			productName = FirebaseAppCheck;
		};
		3258704727DB3DD30028FEF9 /* FirebaseAppDistribution-Beta */ = {
			isa = XCSwiftPackageProductDependency;
			package = 3258703E27DB3DD30028FEF9 /* XCRemoteSwiftPackageReference "firebase-ios-sdk" */;
			productName = "FirebaseAppDistribution-Beta";
		};
		3258704927DB3DD30028FEF9 /* FirebaseAuth */ = {
			isa = XCSwiftPackageProductDependency;
			package = 3258703E27DB3DD30028FEF9 /* XCRemoteSwiftPackageReference "firebase-ios-sdk" */;
			productName = FirebaseAuth;
		};
		3258704B27DB3DD40028FEF9 /* FirebaseAuthCombine-Community */ = {
			isa = XCSwiftPackageProductDependency;
			package = 3258703E27DB3DD30028FEF9 /* XCRemoteSwiftPackageReference "firebase-ios-sdk" */;
			productName = "FirebaseAuthCombine-Community";
		};
		3258704D27DB3DD40028FEF9 /* FirebaseCrashlytics */ = {
			isa = XCSwiftPackageProductDependency;
			package = 3258703E27DB3DD30028FEF9 /* XCRemoteSwiftPackageReference "firebase-ios-sdk" */;
			productName = FirebaseCrashlytics;
		};
		3258704F27DB3DD40028FEF9 /* FirebaseDatabase */ = {
			isa = XCSwiftPackageProductDependency;
			package = 3258703E27DB3DD30028FEF9 /* XCRemoteSwiftPackageReference "firebase-ios-sdk" */;
			productName = FirebaseDatabase;
		};
		3258705127DB3DD40028FEF9 /* FirebaseDatabaseSwift-Beta */ = {
			isa = XCSwiftPackageProductDependency;
			package = 3258703E27DB3DD30028FEF9 /* XCRemoteSwiftPackageReference "firebase-ios-sdk" */;
			productName = "FirebaseDatabaseSwift-Beta";
		};
		3258705327DB3DD40028FEF9 /* FirebaseDynamicLinks */ = {
			isa = XCSwiftPackageProductDependency;
			package = 3258703E27DB3DD30028FEF9 /* XCRemoteSwiftPackageReference "firebase-ios-sdk" */;
			productName = FirebaseDynamicLinks;
		};
		3258705527DB3DD40028FEF9 /* FirebaseFirestore */ = {
			isa = XCSwiftPackageProductDependency;
			package = 3258703E27DB3DD30028FEF9 /* XCRemoteSwiftPackageReference "firebase-ios-sdk" */;
			productName = FirebaseFirestore;
		};
		3258705727DB3DD40028FEF9 /* FirebaseFirestoreCombine-Community */ = {
			isa = XCSwiftPackageProductDependency;
			package = 3258703E27DB3DD30028FEF9 /* XCRemoteSwiftPackageReference "firebase-ios-sdk" */;
			productName = "FirebaseFirestoreCombine-Community";
		};
		3258705927DB3DD40028FEF9 /* FirebaseFirestoreSwift-Beta */ = {
			isa = XCSwiftPackageProductDependency;
			package = 3258703E27DB3DD30028FEF9 /* XCRemoteSwiftPackageReference "firebase-ios-sdk" */;
			productName = "FirebaseFirestoreSwift-Beta";
		};
		3258705B27DB3DD40028FEF9 /* FirebaseFunctions */ = {
			isa = XCSwiftPackageProductDependency;
			package = 3258703E27DB3DD30028FEF9 /* XCRemoteSwiftPackageReference "firebase-ios-sdk" */;
			productName = FirebaseFunctions;
		};
		3258705D27DB3DD40028FEF9 /* FirebaseFunctionsCombine-Community */ = {
			isa = XCSwiftPackageProductDependency;
			package = 3258703E27DB3DD30028FEF9 /* XCRemoteSwiftPackageReference "firebase-ios-sdk" */;
			productName = "FirebaseFunctionsCombine-Community";
		};
		3258705F27DB3DD40028FEF9 /* FirebaseFunctionsSwift-Beta */ = {
			isa = XCSwiftPackageProductDependency;
			package = 3258703E27DB3DD30028FEF9 /* XCRemoteSwiftPackageReference "firebase-ios-sdk" */;
			productName = "FirebaseFunctionsSwift-Beta";
		};
		3258706127DB3DD40028FEF9 /* FirebaseInAppMessaging-Beta */ = {
			isa = XCSwiftPackageProductDependency;
			package = 3258703E27DB3DD30028FEF9 /* XCRemoteSwiftPackageReference "firebase-ios-sdk" */;
			productName = "FirebaseInAppMessaging-Beta";
		};
		3258706327DB3DD40028FEF9 /* FirebaseInAppMessagingSwift-Beta */ = {
			isa = XCSwiftPackageProductDependency;
			package = 3258703E27DB3DD30028FEF9 /* XCRemoteSwiftPackageReference "firebase-ios-sdk" */;
			productName = "FirebaseInAppMessagingSwift-Beta";
		};
		3258706527DB3DD40028FEF9 /* FirebaseInstallations */ = {
			isa = XCSwiftPackageProductDependency;
			package = 3258703E27DB3DD30028FEF9 /* XCRemoteSwiftPackageReference "firebase-ios-sdk" */;
			productName = FirebaseInstallations;
		};
		3258706727DB3DD40028FEF9 /* FirebaseMLModelDownloader */ = {
			isa = XCSwiftPackageProductDependency;
			package = 3258703E27DB3DD30028FEF9 /* XCRemoteSwiftPackageReference "firebase-ios-sdk" */;
			productName = FirebaseMLModelDownloader;
		};
		3258706927DB3DD40028FEF9 /* FirebaseMessaging */ = {
			isa = XCSwiftPackageProductDependency;
			package = 3258703E27DB3DD30028FEF9 /* XCRemoteSwiftPackageReference "firebase-ios-sdk" */;
			productName = FirebaseMessaging;
		};
		3258706B27DB3DD40028FEF9 /* FirebasePerformance */ = {
			isa = XCSwiftPackageProductDependency;
			package = 3258703E27DB3DD30028FEF9 /* XCRemoteSwiftPackageReference "firebase-ios-sdk" */;
			productName = FirebasePerformance;
		};
		3258706D27DB3DD40028FEF9 /* FirebaseRemoteConfig */ = {
			isa = XCSwiftPackageProductDependency;
			package = 3258703E27DB3DD30028FEF9 /* XCRemoteSwiftPackageReference "firebase-ios-sdk" */;
			productName = FirebaseRemoteConfig;
		};
		3258706F27DB3DD40028FEF9 /* FirebaseRemoteConfigSwift-Beta */ = {
			isa = XCSwiftPackageProductDependency;
			package = 3258703E27DB3DD30028FEF9 /* XCRemoteSwiftPackageReference "firebase-ios-sdk" */;
			productName = "FirebaseRemoteConfigSwift-Beta";
		};
		3258707127DB3DD40028FEF9 /* FirebaseStorage */ = {
			isa = XCSwiftPackageProductDependency;
			package = 3258703E27DB3DD30028FEF9 /* XCRemoteSwiftPackageReference "firebase-ios-sdk" */;
			productName = FirebaseStorage;
		};
		3258707327DB3DD40028FEF9 /* FirebaseStorageCombine-Community */ = {
			isa = XCSwiftPackageProductDependency;
			package = 3258703E27DB3DD30028FEF9 /* XCRemoteSwiftPackageReference "firebase-ios-sdk" */;
			productName = "FirebaseStorageCombine-Community";
		};
		3258707527DB3DD40028FEF9 /* FirebaseStorageSwift-Beta */ = {
			isa = XCSwiftPackageProductDependency;
			package = 3258703E27DB3DD30028FEF9 /* XCRemoteSwiftPackageReference "firebase-ios-sdk" */;
			productName = "FirebaseStorageSwift-Beta";
		};
/* End XCSwiftPackageProductDependency section */

/* Begin XCVersionGroup section */
		32B95A5A27D747EF00CA63A4 /* Chattie.xcdatamodeld */ = {
			isa = XCVersionGroup;
			children = (
				32B95A5B27D747EF00CA63A4 /* Chattie.xcdatamodel */,
			);
			currentVersion = 32B95A5B27D747EF00CA63A4 /* Chattie.xcdatamodel */;
			path = Chattie.xcdatamodeld;
			sourceTree = "<group>";
			versionGroupType = wrapper.xcdatamodel;
		};
/* End XCVersionGroup section */
	};
	rootObject = 32B95A4627D747EF00CA63A4 /* Project object */;
}
